
Microsoft Visual Studio Solution File, Format Version 12.00
# Visual Studio 15
VisualStudioVersion = 15.0.28307.271
MinimumVisualStudioVersion = 10.0.40219.1
Project("{FAE04EC0-301F-11D3-BF4B-00C04F79EFBC}") = "ECE_Text_Analyzer", "ECE_Text_Analyzer\ECE_Text_Analyzer.csproj", "{C5AA863D-E8FF-4DC2-AAB4-FD30CD09C014}"
EndProject
Global
	GlobalSection(SolutionConfigurationPlatforms) = preSolution
		Debug|Any CPU = Debug|Any CPU
		Release|Any CPU = Release|Any CPU
	EndGlobalSection
	GlobalSection(ProjectConfigurationPlatforms) = postSolution
		{C5AA863D-E8FF-4DC2-AAB4-FD30CD09C014}.Debug|Any CPU.ActiveCfg = Debug|Any CPU
		{C5AA863D-E8FF-4DC2-AAB4-FD30CD09C014}.Debug|Any CPU.Build.0 = Debug|Any CPU
		{C5AA863D-E8FF-4DC2-AAB4-FD30CD09C014}.Release|Any CPU.ActiveCfg = Release|Any CPU
		{C5AA863D-E8FF-4DC2-AAB4-FD30CD09C014}.Release|Any CPU.Build.0 = Release|Any CPU
	EndGlobalSection
	GlobalSection(SolutionProperties) = preSolution
		HideSolutionNode = FALSE
	EndGlobalSection
	GlobalSection(ExtensibilityGlobals) = postSolution
		SolutionGuid = {AA4AC7EA-4624-427A-A20B-B234FD81381B}
	EndGlobalSection
EndGlobal
